// !$*UTF8*$!
{
	archiveVersion = 1;
	classes = {
	};
	objectVersion = 46;
	objects = {

/* Begin PBXBuildFile section */
		4EDD78761B27D85C007489CA /* main.swift in Sources */ = {isa = PBXBuildFile; fileRef = 4EDD78751B27D85C007489CA /* main.swift */; };
/* End PBXBuildFile section */

/* Begin PBXCopyFilesBuildPhase section */
		4EDD78701B27D85C007489CA /* CopyFiles */ = {
			isa = PBXCopyFilesBuildPhase;
			buildActionMask = 2147483647;
			dstPath = /usr/share/man/man1/;
			dstSubfolderSpec = 0;
			files = (
			);
			runOnlyForDeploymentPostprocessing = 1;
		};
/* End PBXCopyFilesBuildPhase section */

/* Begin PBXFileReference section */
		4EDD78721B27D85C007489CA /* PracticaConsola */ = {isa = PBXFileReference; explicitFileType = "compiled.mach-o.executable"; includeInIndex = 0; path = PracticaConsola; sourceTree = BUILT_PRODUCTS_DIR; };
		4EDD78751B27D85C007489CA /* main.swift */ = {isa = PBXFileReference; lastKnownFileType = sourcecode.swift; path = main.swift; sourceTree = "<group>"; };
		4EDD787C1B27D871007489CA /* PracticaPlayground.playground */ = {isa = PBXFileReference; lastKnownFileType = file.playground; path = PracticaPlayground.playground; sourceTree = "<group>"; };
/* End PBXFileReference section */

/* Begin PBXFrameworksBuildPhase section */
		4EDD786F1B27D85C007489CA /* Frameworks */ = {
			isa = PBXFrameworksBuildPhase;
			buildActionMask = 2147483647;
			files = (
			);
			runOnlyForDeploymentPostprocessing = 0;
		};
/* End PBXFrameworksBuildPhase section */

/* Begin PBXGroup section */
		4EDD78691B27D85C007489CA = {
			isa = PBXGroup;
			children = (
				4EDD787C1B27D871007489CA /* PracticaPlayground.playground */,
				4EDD78741B27D85C007489CA /* PracticaConsola */,
				4EDD78731B27D85C007489CA /* Products */,
			);
			sourceTree = "<group>";
		};
		4EDD78731B27D85C007489CA /* Products */ = {
			isa = PBXGroup;
			children = (
				4EDD78721B27D85C007489CA /* PracticaConsola */,
			);
			name = Products;
			sourceTree = "<group>";
		};
		4EDD78741B27D85C007489CA /* PracticaConsola */ = {
			isa = PBXGroup;
			children = (
				4EDD78751B27D85C007489CA /* main.swift */,
			);
			path = PracticaConsola;
			sourceTree = "<group>";
		};
/* End PBXGroup section */

/* Begin PBXNativeTarget section */
		4EDD78711B27D85C007489CA /* PracticaConsola */ = {
			isa = PBXNativeTarget;
			buildConfigurationList = 4EDD78791B27D85C007489CA /* Build configuration list for PBXNativeTarget "PracticaConsola" */;
			buildPhases = (
				4EDD786E1B27D85C007489CA /* Sources */,
				4EDD786F1B27D85C007489CA /* Frameworks */,
				4EDD78701B27D85C007489CA /* CopyFiles */,
			);
			buildRules = (
			);
			dependencies = (
			);
			name = PracticaConsola;
			productName = PracticaConsola;
			productReference = 4EDD78721B27D85C007489CA /* PracticaConsola */;
			productType = "com.apple.product-type.tool";
		};
/* End PBXNativeTarget section */

/* Begin PBXProject section */
		4EDD786A1B27D85C007489CA /* Project object */ = {
			isa = PBXProject;
			attributes = {
				LastUpgradeCheck = 0630;
				ORGANIZATIONNAME = "Daniel Fuentes";
				TargetAttributes = {
					4EDD78711B27D85C007489CA = {
						CreatedOnToolsVersion = 6.3.2;
					};
				};
			};
			buildConfigurationList = 4EDD786D1B27D85C007489CA /* Build configuration list for PBXProject "PracticaConsola" */;
			compatibilityVersion = "Xcode 3.2";
			developmentRegion = English;
			hasScannedForEncodings = 0;
			knownRegions = (
				en,
			);
			mainGroup = 4EDD78691B27D85C007489CA;
			productRefGroup = 4EDD78731B27D85C007489CA /* Products */;
			projectDirPath = "";
			projectRoot = "";
			targets = (
				4EDD78711B27D85C007489CA /* PracticaConsola */,
			);
		};
/* End PBXProject section */

/* Begin PBXSourcesBuildPhase section */
		4EDD786E1B27D85C007489CA /* Sources */ = {
			isa = PBXSourcesBuildPhase;
			buildActionMask = 2147483647;
			files = (
				4EDD78761B27D85C007489CA /* main.swift in Sources */,
			);
			runOnlyForDeploymentPostprocessing = 0;
		};
/* End PBXSourcesBuildPhase section */

/* Begin XCBuildConfiguration section */
		4EDD78771B27D85C007489CA /* Debug */ = {
			isa = XCBuildConfiguration;
			buildSettings = {
				ALWAYS_SEARCH_USER_PATHS = NO;
				CLANG_CXX_LANGUAGE_STANDARD = "gnu++0x";
				CLANG_CXX_LIBRARY = "libc++";
				CLANG_ENABLE_MODULES = YES;
				CLANG_ENABLE_OBJC_ARC = YES;
				CLANG_WARN_BOOL_CONVERSION = YES;
				CLANG_WARN_CONSTANT_CONVERSION = YES;
				CLANG_WARN_DIRECT_OBJC_ISA_USAGE = YES_ERROR;
				CLANG_WARN_EMPTY_BODY = YES;
				CLANG_WARN_ENUM_CONVERSION = YES;
				CLANG_WARN_INT_CONVERSION = YES;
				CLANG_WARN_OBJC_ROOT_CLASS = YES_ERROR;
				CLANG_WARN_UNREACHABLE_CODE = YES;
				CLANG_WARN__DUPLICATE_METHOD_MATCH = YES;
				COPY_PHASE_STRIP = NO;
				DEBUG_INFORMATION_FORMAT = dwarf;
				ENABLE_STRICT_OBJC_MSGSEND = YES;
				GCC_C_LANGUAGE_STANDARD = gnu99;
				GCC_DYNAMIC_NO_PIC = NO;
				GCC_NO_COMMON_BLOCKS = YES;
				GCC_OPTIMIZATION_LEVEL = 0;
				GCC_PREPROCESSOR_DEFINITIONS = (
					"DEBUG=1",
					"$(inherited)",
				);
				GCC_SYMBOLS_PRIVATE_EXTERN = NO;
				GCC_WARN_64_TO_32_BIT_CONVERSION = YES;
				GCC_WARN_ABOUT_RETURN_TYPE = YES_ERROR;
				GCC_WARN_UNDECLARED_SELECTOR = YES;
				GCC_WARN_UNINITIALIZED_AUTOS = YES_AGGRESSIVE;
				GCC_WARN_UNUSED_FUNCTION = YES;
				GCC_WARN_UNUSED_VARIABLE = YES;
				MACOSX_DEPLOYMENT_TARGET = 10.10;
				MTL_ENABLE_DEBUG_INFO = YES;
				ONLY_ACTIVE_ARCH = YES;
				SDKROOT = macosx;
				SWIFT_OPTIMIZATION_LEVEL = "-Onone";
			};
			name = Debug;
		};
		4EDD78781B27D85C007489CA /* Release */ = {
			isa = XCBuildConfiguration;
			buildSettings = {
				ALWAYS_SEARCH_USER_PATHS = NO;
				CLANG_CXX_LANGUAGE_STANDARD = "gnu++0x";
				CLANG_CXX_LIBRARY = "libc++";
				CLANG_ENABLE_MODULES = YES;
				CLANG_ENABLE_OBJC_ARC = YES;
				CLANG_WARN_BOOL_CONVERSION = YES;
				CLANG_WARN_CONSTANT_CONVERSION = YES;
				CLANG_WARN_DIRECT_OBJC_ISA_USAGE = YES_ERROR;
				CLANG_WARN_EMPTY_BODY = YES;
				CLANG_WARN_ENUM_CONVERSION = YES;
				CLANG_WARN_INT_CONVERSION = YES;
				CLANG_WARN_OBJC_ROOT_CLASS = YES_ERROR;
				CLANG_WARN_UNREACHABLE_CODE = YES;
				CLANG_WARN__DUPLICATE_METHOD_MATCH = YES;
				COPY_PHASE_STRIP = NO;
				DEBUG_INFORMATION_FORMAT = "dwarf-with-dsym";
				ENABLE_NS_ASSERTIONS = NO;
				ENABLE_STRICT_OBJC_MSGSEND = YES;
				GCC_C_LANGUAGE_STANDARD = gnu99;
				GCC_NO_COMMON_BLOCKS = YES;
				GCC_WARN_64_TO_32_BIT_CONVERSION = YES;
				GCC_WARN_ABOUT_RETURN_TYPE = YES_ERROR;
				GCC_WARN_UNDECLARED_SELECTOR = YES;
				GCC_WARN_UNINITIALIZED_AUTOS = YES_AGGRESSIVE;
				GCC_WARN_UNUSED_FUNCTION = YES;
				GCC_WARN_UNUSED_VARIABLE = YES;
				MACOSX_DEPLOYMENT_TARGET = 10.10;
				MTL_ENABLE_DEBUG_INFO = NO;
				SDKROOT = macosx;
			};
			name = Release;
		};
		4EDD787A1B27D85C007489CA /* Debug */ = {
			isa = XCBuildConfiguration;
			buildSettings = {
				PRODUCT_NAME = "$(TARGET_NAME)";
			};
			name = Debug;
		};
		4EDD787B1B27D85C007489CA /* Release */ = {
			isa = XCBuildConfiguration;
			buildSettings = {
				PRODUCT_NAME = "$(TARGET_NAME)";
			};
			name = Release;
		};
/* End XCBuildConfiguration section */

/* Begin XCConfigurationList section */
		4EDD786D1B27D85C007489CA /* Build configuration list for PBXProject "PracticaConsola" */ = {
			isa = XCConfigurationList;
			buildConfigurations = (
				4EDD78771B27D85C007489CA /* Debug */,
				4EDD78781B27D85C007489CA /* Release */,
			);
			defaultConfigurationIsVisible = 0;
			defaultConfigurationName = Release;
		};
		4EDD78791B27D85C007489CA /* Build configuration list for PBXNativeTarget "PracticaConsola" */ = {
			isa = XCConfigurationList;
			buildConfigurations = (
				4EDD787A1B27D85C007489CA /* Debug */,
				4EDD787B1B27D85C007489CA /* Release */,
			);
			defaultConfigurationIsVisible = 0;
		};
/* End XCConfigurationList section */
	};
	rootObject = 4EDD786A1B27D85C007489CA /* Project object */;
}
